
Microsoft Visual Studio Solution File, Format Version 12.00
# Visual Studio Version 17
VisualStudioVersion = 17.11.35219.272
MinimumVisualStudioVersion = 10.0.40219.1
Project("{FAE04EC0-301F-11D3-BF4B-00C04F79EFBC}") = "PR3_Sokolov_Kardonov_522_Galaxy", "PR3_Sokolov_Kardonov_522_Galaxy\PR3_Sokolov_Kardonov_522_Galaxy.csproj", "{DB012137-12DB-45DE-B262-3B267F011A9F}"
EndProject
Global
	GlobalSection(SolutionConfigurationPlatforms) = preSolution
		Debug|Any CPU = Debug|Any CPU
		Release|Any CPU = Release|Any CPU
	EndGlobalSection
	GlobalSection(ProjectConfigurationPlatforms) = postSolution
		{DB012137-12DB-45DE-B262-3B267F011A9F}.Debug|Any CPU.ActiveCfg = Debug|Any CPU
		{DB012137-12DB-45DE-B262-3B267F011A9F}.Debug|Any CPU.Build.0 = Debug|Any CPU
		{DB012137-12DB-45DE-B262-3B267F011A9F}.Release|Any CPU.ActiveCfg = Release|Any CPU
		{DB012137-12DB-45DE-B262-3B267F011A9F}.Release|Any CPU.Build.0 = Release|Any CPU
	EndGlobalSection
	GlobalSection(SolutionProperties) = preSolution
		HideSolutionNode = FALSE
	EndGlobalSection
	GlobalSection(ExtensibilityGlobals) = postSolution
		SolutionGuid = {B25FEB99-ECFF-411D-9E70-AE5CA94DCD7A}
	EndGlobalSection
EndGlobal
